<?xml version="1.0" encoding="utf-8"?>
<Project ToolsVersion="4.0" xmlns="http://schemas.microsoft.com/developer/msbuild/2003">
  <ItemGroup>
    <Filter Include="Source Files">
      <UniqueIdentifier>{4FC737F1-C7A5-4376-A066-2A32D752A2FF}</UniqueIdentifier>
      <Extensions>cpp;c;cc;cxx;c++;cppm;ixx;def;odl;idl;hpj;bat;asm;asmx</Extensions>
    </Filter>
    <Filter Include="Header Files">
      <UniqueIdentifier>{93995380-89BD-4b04-88EB-625FBE52EBFB}</UniqueIdentifier>
      <Extensions>h;hh;hpp;hxx;h++;hm;inl;inc;ipp;xsd</Extensions>
    </Filter>
    <Filter Include="Resource Files">
      <UniqueIdentifier>{67DA6AB6-F800-4c08-8B7A-83BB121AAD01}</UniqueIdentifier>
      <Extensions>rc;ico;cur;bmp;dlg;rc2;rct;bin;rgs;gif;jpg;jpeg;jpe;resx;tiff;tif;png;wav;mfcribbon-ms</Extensions>
    </Filter>
  </ItemGroup>
  <ItemGroup>
    <ClCompile Include="core\dllmain.cpp">
      <Filter>Source Files</Filter>
    </ClCompile>
    <ClCompile Include="core\utils\netvars\netvars.cpp">
      <Filter>Source Files</Filter>
    </ClCompile>
    <ClCompile Include="core\interfaces\interfaces.cpp">
      <Filter>Source Files</Filter>
    </ClCompile>
    <ClCompile Include="core\hooks\hook.cpp">
      <Filter>Source Files</Filter>
    </ClCompile>
    <ClCompile Include="core\hooks\vtables\create_move.cpp">
      <Filter>Source Files</Filter>
    </ClCompile>
    <ClCompile Include="core\hooks\vtables\paint_traverse.cpp">
      <Filter>Source Files</Filter>
    </ClCompile>
    <ClCompile Include="core\hooks\vtables\paint.cpp">
      <Filter>Source Files</Filter>
    </ClCompile>
    <ClCompile Include="core\features\aimbot\aimbot.cpp">
      <Filter>Source Files</Filter>
    </ClCompile>
    <ClCompile Include="core\features\misc\misc.cpp">
      <Filter>Source Files</Filter>
    </ClCompile>
    <ClCompile Include="core\source-sdk\interfaces\i_entity.cpp">
      <Filter>Source Files</Filter>
    </ClCompile>
    <ClCompile Include="core\utils\math\math.cpp">
      <Filter>Source Files</Filter>
    </ClCompile>
    <ClCompile Include="core\utils\draw\draw.cpp">
      <Filter>Source Files</Filter>
    </ClCompile>
    <ClCompile Include="core\utils\settings\settings.cpp">
      <Filter>Source Files</Filter>
    </ClCompile>
    <ClCompile Include="core\source-sdk\interfaces\c_base_combat_weapon.cpp">
      <Filter>Source Files</Filter>
    </ClCompile>
    <ClCompile Include="core\hooks\vtables\present.cpp">
      <Filter>Source Files</Filter>
    </ClCompile>
    <ClCompile Include="core\menu\menu.cpp">
      <Filter>Source Files</Filter>
    </ClCompile>
    <ClCompile Include="core\menu\imgui\imgui.cpp">
      <Filter>Source Files</Filter>
    </ClCompile>
    <ClCompile Include="core\menu\imgui\imgui_draw.cpp">
      <Filter>Source Files</Filter>
    </ClCompile>
    <ClCompile Include="core\menu\imgui\dx9\imgui_impl_dx9.cpp">
      <Filter>Source Files</Filter>
    </ClCompile>
    <ClCompile Include="core\hooks\vtables\dme.cpp">
      <Filter>Source Files</Filter>
    </ClCompile>
    <ClCompile Include="core\source-sdk\interfaces\c_key_values.cpp">
      <Filter>Source Files</Filter>
    </ClCompile>
    <ClCompile Include="core\features\visuals\chams\chams.cpp">
      <Filter>Source Files</Filter>
    </ClCompile>
    <ClCompile Include="core\features\visuals\esp\esp.cpp">
      <Filter>Source Files</Filter>
    </ClCompile>
  </ItemGroup>
  <ItemGroup>
    <ClInclude Include="core\utils\netvars\netvars.hpp">
      <Filter>Header Files</Filter>
    </ClInclude>
    <ClInclude Include="core\interfaces\interfaces.hpp">
      <Filter>Header Files</Filter>
    </ClInclude>
    <ClInclude Include="core\utils\utils.hpp">
      <Filter>Header Files</Filter>
    </ClInclude>
    <ClInclude Include="core\utils\netvars\dt_recv.hpp">
      <Filter>Header Files</Filter>
    </ClInclude>
    <ClInclude Include="core\utils\netvars\dt_common.hpp">
      <Filter>Header Files</Filter>
    </ClInclude>
    <ClInclude Include="core\hooks\hook.hpp">
      <Filter>Header Files</Filter>
    </ClInclude>
    <ClInclude Include="core\utils\color.hpp">
      <Filter>Header Files</Filter>
    </ClInclude>
    <ClInclude Include="core\features\aimbot\aimbot.h">
      <Filter>Header Files</Filter>
    </ClInclude>
    <ClInclude Include="core\features\misc\misc.h">
      <Filter>Header Files</Filter>
    </ClInclude>
    <ClInclude Include="core\utils\memory\memory.hpp">
      <Filter>Header Files</Filter>
    </ClInclude>
    <ClInclude Include="core\source-sdk\interfaces\c_handle.hpp">
      <Filter>Header Files</Filter>
    </ClInclude>
    <ClInclude Include="core\source-sdk\interfaces\c_model_info.hpp">
      <Filter>Header Files</Filter>
    </ClInclude>
    <ClInclude Include="core\source-sdk\interfaces\i_base_client_dll.hpp">
      <Filter>Header Files</Filter>
    </ClInclude>
    <ClInclude Include="core\source-sdk\interfaces\i_client_networkable.hpp">
      <Filter>Header Files</Filter>
    </ClInclude>
    <ClInclude Include="core\source-sdk\interfaces\i_engine_vgui.hpp">
      <Filter>Header Files</Filter>
    </ClInclude>
    <ClInclude Include="core\source-sdk\interfaces\i_entity.hpp">
      <Filter>Header Files</Filter>
    </ClInclude>
    <ClInclude Include="core\source-sdk\interfaces\i_panels.hpp">
      <Filter>Header Files</Filter>
    </ClInclude>
    <ClInclude Include="core\source-sdk\interfaces\i_player_info_manager.hpp">
      <Filter>Header Files</Filter>
    </ClInclude>
    <ClInclude Include="core\source-sdk\interfaces\i_surface.hpp">
      <Filter>Header Files</Filter>
    </ClInclude>
    <ClInclude Include="core\source-sdk\interfaces\iv_debug_overlay.hpp">
      <Filter>Header Files</Filter>
    </ClInclude>
    <ClInclude Include="core\source-sdk\interfaces\iv_engine_client.hpp">
      <Filter>Header Files</Filter>
    </ClInclude>
    <ClInclude Include="core\source-sdk\structs\structs.hpp">
      <Filter>Header Files</Filter>
    </ClInclude>
    <ClInclude Include="core\utils\math\math.hpp">
      <Filter>Header Files</Filter>
    </ClInclude>
    <ClInclude Include="core\utils\math\vector.hpp">
      <Filter>Header Files</Filter>
    </ClInclude>
    <ClInclude Include="core\utils\math\vmatrix.hpp">
      <Filter>Header Files</Filter>
    </ClInclude>
    <ClInclude Include="core\utils\draw\draw.hpp">
      <Filter>Header Files</Filter>
    </ClInclude>
    <ClInclude Include="core\utils\helpers.hpp">
      <Filter>Header Files</Filter>
    </ClInclude>
    <ClInclude Include="core\source-sdk\structs\enums.hpp">
      <Filter>Header Files</Filter>
    </ClInclude>
    <ClInclude Include="core\source-sdk\interfaces\iv_render_view.hpp">
      <Filter>Header Files</Filter>
    </ClInclude>
    <ClInclude Include="core\source-sdk\interfaces\c_game_movement.hpp">
      <Filter>Header Files</Filter>
    </ClInclude>
    <ClInclude Include="core\source-sdk\interfaces\i_entity_list.hpp">
      <Filter>Header Files</Filter>
    </ClInclude>
    <ClInclude Include="core\source-sdk\interfaces\c_base_combat_weapon.hpp">
      <Filter>Header Files</Filter>
    </ClInclude>
    <ClInclude Include="core\menu\imgui\imconfig.h">
      <Filter>Header Files</Filter>
    </ClInclude>
    <ClInclude Include="core\menu\imgui\imgui.h">
      <Filter>Header Files</Filter>
    </ClInclude>
    <ClInclude Include="core\menu\imgui\imgui_internal.h">
      <Filter>Header Files</Filter>
    </ClInclude>
    <ClInclude Include="core\menu\imgui\stb_rect_pack.h">
      <Filter>Header Files</Filter>
    </ClInclude>
    <ClInclude Include="core\menu\imgui\stb_textedit.h">
      <Filter>Header Files</Filter>
    </ClInclude>
    <ClInclude Include="core\menu\imgui\stb_truetype.h">
      <Filter>Header Files</Filter>
    </ClInclude>
    <ClInclude Include="core\menu\imgui\dx9\imgui_impl_dx9.h">
      <Filter>Header Files</Filter>
    </ClInclude>
    <ClInclude Include="core\menu\menu.hpp">
      <Filter>Header Files</Filter>
    </ClInclude>
    <ClInclude Include="core\source-sdk\interfaces\c_model_render.hpp">
      <Filter>Header Files</Filter>
    </ClInclude>
    <ClInclude Include="core\source-sdk\interfaces\c_material_system.hpp">
      <Filter>Header Files</Filter>
    </ClInclude>
    <ClInclude Include="core\source-sdk\interfaces\c_key_values.hpp">
      <Filter>Header Files</Filter>
    </ClInclude>
    <ClInclude Include="core\features\visuals\chams\chams.hpp">
      <Filter>Header Files</Filter>
    </ClInclude>
    <ClInclude Include="core\features\visuals\esp\esp.hpp">
      <Filter>Header Files</Filter>
    </ClInclude>
    <ClInclude Include="core\utils\settings\settings.hpp">
      <Filter>Header Files</Filter>
    </ClInclude>
  </ItemGroup>
</Project>